
Microsoft Visual Studio Solution File, Format Version 12.00
# Visual Studio Version 17
VisualStudioVersion = 17.11.35208.52
MinimumVisualStudioVersion = 10.0.40219.1
Project("{FAE04EC0-301F-11D3-BF4B-00C04F79EFBC}") = "PlayingWithHumanizer", "PlayingWithHumanizer.csproj", "{6354B9D9-71DD-4FD0-9091-763226CEB131}"
EndProject
Global
	GlobalSection(SolutionConfigurationPlatforms) = preSolution
		Debug|Any CPU = Debug|Any CPU
		Release|Any CPU = Release|Any CPU
	EndGlobalSection
	GlobalSection(ProjectConfigurationPlatforms) = postSolution
		{6354B9D9-71DD-4FD0-9091-763226CEB131}.Debug|Any CPU.ActiveCfg = Debug|Any CPU
		{6354B9D9-71DD-4FD0-9091-763226CEB131}.Debug|Any CPU.Build.0 = Debug|Any CPU
		{6354B9D9-71DD-4FD0-9091-763226CEB131}.Release|Any CPU.ActiveCfg = Release|Any CPU
		{6354B9D9-71DD-4FD0-9091-763226CEB131}.Release|Any CPU.Build.0 = Release|Any CPU
	EndGlobalSection
	GlobalSection(SolutionProperties) = preSolution
		HideSolutionNode = FALSE
	EndGlobalSection
	GlobalSection(ExtensibilityGlobals) = postSolution
		SolutionGuid = {0A8D7FD0-69DF-4688-B488-6406D8076129}
	EndGlobalSection
EndGlobal
